# platform: win-64
# env_hash: 50e59625db78bc73c3dbd8ae35fe4ab316ecb5b837131d2aad036246b14650f7
@EXPLICIT
https://conda.anaconda.org/conda-forge/win-64/ca-certificates-2020.12.5-h5b45459_0.tar.bz2#f36a2988a9f57cffdc43929ba67a3a2a
https://conda.anaconda.org/conda-forge/noarch/tzdata-2020f-he74cb21_0.tar.bz2#0ed5a340870993c45f7d50b6f579f8cd
https://conda.anaconda.org/conda-forge/win-64/vs2015_runtime-14.28.29325-h5e1d092_0.tar.bz2#4e4fc486090f90e00edfa9c7730e2771
https://conda.anaconda.org/conda-forge/win-64/vc-14.2-hb210afc_2.tar.bz2#6852e7ea3601522ab1d4fa60fec8c4fe
https://conda.anaconda.org/conda-forge/win-64/openssl-1.1.1i-h8ffe710_0.tar.bz2#49729ddb4fec3c604009a80e0411bb47
https://conda.anaconda.org/conda-forge/win-64/sqlite-3.34.0-h8ffe710_0.tar.bz2#0887d420b945a5342cd03429d475658c
https://conda.anaconda.org/conda-forge/win-64/zlib-1.2.11-h62dcd97_1010.tar.bz2#a4cdf389c5f73e60a0ca121ff77c22a9
https://conda.anaconda.org/conda-forge/win-64/python-3.9.1-h7840368_3_cpython.tar.bz2#a27aaec0e7f3030d6ecf095338f02e0b
https://conda.anaconda.org/conda-forge/noarch/altgraph-0.17-pyhd8ed1ab_0.tar.bz2#0107f8315178cf21b2d4200b580ce241
https://conda.anaconda.org/conda-forge/noarch/appdirs-1.4.4-pyh9f0ad1d_0.tar.bz2#5f095bc6454094e96f146491fd03633b
https://conda.anaconda.org/conda-forge/noarch/click-7.1.2-pyh9f0ad1d_0.tar.bz2#bd50a970ce07e660c319fdc4d730d3f1
https://conda.anaconda.org/conda-forge/noarch/colorama-0.4.4-pyh9f0ad1d_0.tar.bz2#c08b4c1326b880ed44f3ffb04803332f
https://conda.anaconda.org/conda-forge/noarch/filelock-3.0.12-pyh9f0ad1d_0.tar.bz2#7544ed05bbbe9bb687bc9bcbe4d6cb46
https://conda.anaconda.org/conda-forge/noarch/idna-2.10-pyh9f0ad1d_0.tar.bz2#f95a12b4f435aae6680fe55ae2eb1b06
https://conda.anaconda.org/conda-forge/noarch/pycparser-2.20-pyh9f0ad1d_2.tar.bz2#aa798d50ffd182a0f6f31478c7f434f6
https://conda.anaconda.org/conda-forge/noarch/pyinstaller-hooks-contrib-2020.11-pyhd8ed1ab_0.tar.bz2#a2392cce7025d3bed33daee7d7ad6b14
https://conda.anaconda.org/conda-forge/win-64/python_abi-3.9-1_cp39.tar.bz2#4f11fc3c42d6aff5cc1daff5e1e6caca
https://conda.anaconda.org/conda-forge/noarch/shellingham-1.3.2-py_0.tar.bz2#8547d23a5e813812776da52bec771579
https://conda.anaconda.org/conda-forge/noarch/six-1.15.0-pyh9f0ad1d_0.tar.bz2#1eec421f0f1f39e579e44e4a5ce646a2
https://conda.anaconda.org/conda-forge/win-64/certifi-2020.12.5-py39hcbf5309_1.tar.bz2#859d8952947ef7bd8aca48f01688a86f
https://conda.anaconda.org/conda-forge/win-64/cffi-1.14.4-py39h0878f49_1.tar.bz2#b7ac3692b3a1ab35cce44e10046513c5
https://conda.anaconda.org/conda-forge/win-64/chardet-4.0.0-py39hcbf5309_1.tar.bz2#2c220000bcacdf633723cd56d0cb4cca
https://conda.anaconda.org/conda-forge/win-64/future-0.18.2-py39hcbf5309_3.tar.bz2#ac59111cf87fc89d8d64a7a86e8ebf4e
https://conda.anaconda.org/conda-forge/noarch/macholib-1.14-pyh9f0ad1d_1.tar.bz2#133fcd65d44ad60f3f8819664ce7cf13
https://conda.anaconda.org/conda-forge/win-64/pydantic-1.7.3-py39hb82d6ee_0.tar.bz2#69ad3388aacb5944c35abed0f03cd998
https://conda.anaconda.org/conda-forge/win-64/pywin32-228-py39hb82d6ee_1.tar.bz2#7b8987e3b5c74315958ca94909af71e9
https://conda.anaconda.org/conda-forge/win-64/pywin32-ctypes-0.2.0-py39hcbf5309_1003.tar.bz2#61e4167545716fc775e56231e2d0f9f8
https://conda.anaconda.org/conda-forge/noarch/typer-0.3.2-pyhd8ed1ab_0.tar.bz2#2a8bd95028ef27c7940c6c790b600e7e
https://conda.anaconda.org/conda-forge/win-64/win_inet_pton-1.1.0-py39hcbf5309_2.tar.bz2#10d4cf2796ef9d1a71f52056469ad587
https://conda.anaconda.org/conda-forge/win-64/wincertstore-0.2-py39hcbf5309_1006.tar.bz2#19046b323a499a293e68cf77ea12ae63
https://conda.anaconda.org/conda-forge/win-64/brotlipy-0.7.0-py39hb82d6ee_1001.tar.bz2#930034c89054b103eec4b9d821f8e196
https://conda.anaconda.org/conda-forge/win-64/cryptography-3.3.1-py39h0878f49_1.tar.bz2#ed1ba9f8cb0b9e090d1dcfc72d769cfe
https://conda.anaconda.org/conda-forge/noarch/pefile-2019.4.18-py_0.tar.bz2#07d98ff8ca9825a403e7f64f926042d0
https://conda.anaconda.org/conda-forge/win-64/pysocks-1.7.1-py39hcbf5309_3.tar.bz2#76b07f5b989c96632eb7d6f2bd0c26aa
https://conda.anaconda.org/conda-forge/win-64/setuptools-49.6.0-py39hcbf5309_3.tar.bz2#135507b182371e6d0cd97c875b7e4913
https://conda.anaconda.org/conda-forge/win-64/pyinstaller-4.2-py39h4dafc3f_0.tar.bz2#673b2882577908752d61a9317a9228a1
https://conda.anaconda.org/conda-forge/noarch/pyopenssl-20.0.1-pyhd8ed1ab_0.tar.bz2#92371c25994d0f5d28a01c1fb75ebf86
https://conda.anaconda.org/conda-forge/noarch/urllib3-1.26.2-pyhd8ed1ab_0.tar.bz2#8bb930d172961c9ba9ffd6e10a64b844
https://conda.anaconda.org/conda-forge/noarch/requests-2.25.1-pyhd3deb0d_0.tar.bz2#ae687aba31a1c400192a86a2e993ffdc
https://conda.anaconda.org/conda-forge/noarch/ensureconda-1.4.1-pyhd8ed1ab_0.tar.bz2#52a7f7cc9076e2c8a25e15e19ad42821
